{
  "name": "jesstechpreneur",
  "lockfileVersion": 2,
  "requires": true,
  "packages": {
    "": {
      "dependencies": {
        "simple-icons": "^8.1.0"
      }
    },
    "node_modules/simple-icons": {
      "version": "8.1.0",
      "resolved": "https://registry.npmjs.org/simple-icons/-/simple-icons-8.1.0.tgz",
      "integrity": "sha512-N2JKvoRoiFqsRaHiKLNHf6GzpfLqO+Bgoijq54rzIosfQIhmxgCiAKYW9ejzw0arCAeoQ3RiG18fIZct6xBXFA==",
      "engines": {
        "node": ">=0.12.18"
      },
      "funding": {
        "type": "opencollective",
        "url": "https://opencollective.com/simple-icons"
      }
    }
  },
  "dependencies": {
    "simple-icons": {
      "version": "8.1.0",
      "resolved": "https://registry.npmjs.org/simple-icons/-/simple-icons-8.1.0.tgz",
      "integrity": "sha512-N2JKvoRoiFqsRaHiKLNHf6GzpfLqO+Bgoijq54rzIosfQIhmxgCiAKYW9ejzw0arCAeoQ3RiG18fIZct6xBXFA=="
    }
  }
}
